
Microsoft Visual Studio Solution File, Format Version 12.00
# Visual Studio Version 17
VisualStudioVersion = 17.2.32630.192
MinimumVisualStudioVersion = 10.0.40219.1
Project("{9A19103F-16F7-4668-BE54-9A1E7A4F7556}") = "MValeChat.Server", "MValeChat\MValeChat.Server.csproj", "{B1E3ABEF-1721-4A6B-ADF3-8315C3B554F8}"
EndProject
Project("{9A19103F-16F7-4668-BE54-9A1E7A4F7556}") = "MValeChat.Common", "MValeChat.Common\MValeChat.Common.csproj", "{EB328EA9-BDC6-4696-BFB0-AEE45EAAFBFF}"
EndProject
Project("{FAE04EC0-301F-11D3-BF4B-00C04F79EFBC}") = "MValeChat.Web", "MValeChat.Web\MValeChat.Web.csproj", "{2E64B55C-5609-4DF1-B3C1-FB2DA5FB21B3}"
EndProject
Global
	GlobalSection(SolutionConfigurationPlatforms) = preSolution
		Debug|Any CPU = Debug|Any CPU
		Release|Any CPU = Release|Any CPU
	EndGlobalSection
	GlobalSection(ProjectConfigurationPlatforms) = postSolution
		{B1E3ABEF-1721-4A6B-ADF3-8315C3B554F8}.Debug|Any CPU.ActiveCfg = Debug|Any CPU
		{B1E3ABEF-1721-4A6B-ADF3-8315C3B554F8}.Debug|Any CPU.Build.0 = Debug|Any CPU
		{B1E3ABEF-1721-4A6B-ADF3-8315C3B554F8}.Release|Any CPU.ActiveCfg = Release|Any CPU
		{B1E3ABEF-1721-4A6B-ADF3-8315C3B554F8}.Release|Any CPU.Build.0 = Release|Any CPU
		{EB328EA9-BDC6-4696-BFB0-AEE45EAAFBFF}.Debug|Any CPU.ActiveCfg = Debug|Any CPU
		{EB328EA9-BDC6-4696-BFB0-AEE45EAAFBFF}.Debug|Any CPU.Build.0 = Debug|Any CPU
		{EB328EA9-BDC6-4696-BFB0-AEE45EAAFBFF}.Release|Any CPU.ActiveCfg = Release|Any CPU
		{EB328EA9-BDC6-4696-BFB0-AEE45EAAFBFF}.Release|Any CPU.Build.0 = Release|Any CPU
		{2E64B55C-5609-4DF1-B3C1-FB2DA5FB21B3}.Debug|Any CPU.ActiveCfg = Debug|Any CPU
		{2E64B55C-5609-4DF1-B3C1-FB2DA5FB21B3}.Debug|Any CPU.Build.0 = Debug|Any CPU
		{2E64B55C-5609-4DF1-B3C1-FB2DA5FB21B3}.Release|Any CPU.ActiveCfg = Release|Any CPU
		{2E64B55C-5609-4DF1-B3C1-FB2DA5FB21B3}.Release|Any CPU.Build.0 = Release|Any CPU
	EndGlobalSection
	GlobalSection(SolutionProperties) = preSolution
		HideSolutionNode = FALSE
	EndGlobalSection
	GlobalSection(ExtensibilityGlobals) = postSolution
		SolutionGuid = {12E8AE09-FDE3-4629-8BED-CCE4AFBA467B}
	EndGlobalSection
EndGlobal
